
Microsoft Visual Studio Solution File, Format Version 12.00
# Visual Studio 15
Project("{FAE04EC0-301F-11D3-BF4B-00C04F79EFBC}") = "UniRx", "UniRx.csproj", "{61512174-FE05-AB8B-1277-E6E68CC61DAC}"
EndProject
Project("{FAE04EC0-301F-11D3-BF4B-00C04F79EFBC}") = "Assembly-CSharp", "Assembly-CSharp.csproj", "{13D5B4A9-70E4-9196-A1C6-BB55CE5ACDC3}"
EndProject
Project("{FAE04EC0-301F-11D3-BF4B-00C04F79EFBC}") = "UniRx.Examples", "UniRx.Examples.csproj", "{B9CAEEB5-5DF3-F825-EE3C-A94134C07481}"
EndProject
Global
	GlobalSection(SolutionConfigurationPlatforms) = preSolution
		Debug|Any CPU = Debug|Any CPU
		Release|Any CPU = Release|Any CPU
	EndGlobalSection
	GlobalSection(ProjectConfigurationPlatforms) = postSolution
		{61512174-FE05-AB8B-1277-E6E68CC61DAC}.Debug|Any CPU.ActiveCfg = Debug|Any CPU
		{61512174-FE05-AB8B-1277-E6E68CC61DAC}.Debug|Any CPU.Build.0 = Debug|Any CPU
		{61512174-FE05-AB8B-1277-E6E68CC61DAC}.Release|Any CPU.ActiveCfg = Release|Any CPU
		{61512174-FE05-AB8B-1277-E6E68CC61DAC}.Release|Any CPU.Build.0 = Release|Any CPU
		{13D5B4A9-70E4-9196-A1C6-BB55CE5ACDC3}.Debug|Any CPU.ActiveCfg = Debug|Any CPU
		{13D5B4A9-70E4-9196-A1C6-BB55CE5ACDC3}.Debug|Any CPU.Build.0 = Debug|Any CPU
		{13D5B4A9-70E4-9196-A1C6-BB55CE5ACDC3}.Release|Any CPU.ActiveCfg = Release|Any CPU
		{13D5B4A9-70E4-9196-A1C6-BB55CE5ACDC3}.Release|Any CPU.Build.0 = Release|Any CPU
		{B9CAEEB5-5DF3-F825-EE3C-A94134C07481}.Debug|Any CPU.ActiveCfg = Debug|Any CPU
		{B9CAEEB5-5DF3-F825-EE3C-A94134C07481}.Debug|Any CPU.Build.0 = Debug|Any CPU
		{B9CAEEB5-5DF3-F825-EE3C-A94134C07481}.Release|Any CPU.ActiveCfg = Release|Any CPU
		{B9CAEEB5-5DF3-F825-EE3C-A94134C07481}.Release|Any CPU.Build.0 = Release|Any CPU
	EndGlobalSection
	GlobalSection(SolutionProperties) = preSolution
		HideSolutionNode = FALSE
	EndGlobalSection
EndGlobal
